// !$*UTF8*$!
{
	archiveVersion = 1;
	classes = {
	};
	objectVersion = 50;
	objects = {

/* Begin PBXBuildFile section */
		9F5B907F2224662F00D12845 /* AppDelegate.swift in Sources */ = {isa = PBXBuildFile; fileRef = 9F5B907E2224662F00D12845 /* AppDelegate.swift */; };
		9F5B90812224662F00D12845 /* ViewController.swift in Sources */ = {isa = PBXBuildFile; fileRef = 9F5B90802224662F00D12845 /* ViewController.swift */; };
		9F5B90842224662F00D12845 /* Main.storyboard in Resources */ = {isa = PBXBuildFile; fileRef = 9F5B90822224662F00D12845 /* Main.storyboard */; };
		9F5B90862224663000D12845 /* Assets.xcassets in Resources */ = {isa = PBXBuildFile; fileRef = 9F5B90852224663000D12845 /* Assets.xcassets */; };
		9F5B90892224663000D12845 /* LaunchScreen.storyboard in Resources */ = {isa = PBXBuildFile; fileRef = 9F5B90872224663000D12845 /* LaunchScreen.storyboard */; };
		9F5B908E2224663000D12845 /* Battery Life WatchKit App.app in Embed Watch Content */ = {isa = PBXBuildFile; fileRef = 9F5B908D2224663000D12845 /* Battery Life WatchKit App.app */; };
		9F5B90942224663000D12845 /* Interface.storyboard in Resources */ = {isa = PBXBuildFile; fileRef = 9F5B90922224663000D12845 /* Interface.storyboard */; };
		9F5B90962224663100D12845 /* Assets.xcassets in Resources */ = {isa = PBXBuildFile; fileRef = 9F5B90952224663100D12845 /* Assets.xcassets */; };
		9F5B909D2224663100D12845 /* Battery Life WatchKit Extension.appex in Embed App Extensions */ = {isa = PBXBuildFile; fileRef = 9F5B909C2224663100D12845 /* Battery Life WatchKit Extension.appex */; settings = {ATTRIBUTES = (RemoveHeadersOnCopy, ); }; };
		9F5B90A22224663100D12845 /* InterfaceController.swift in Sources */ = {isa = PBXBuildFile; fileRef = 9F5B90A12224663100D12845 /* InterfaceController.swift */; };
		9F5B90A42224663100D12845 /* ExtensionDelegate.swift in Sources */ = {isa = PBXBuildFile; fileRef = 9F5B90A32224663100D12845 /* ExtensionDelegate.swift */; };
		9F5B90A62224663100D12845 /* NotificationController.swift in Sources */ = {isa = PBXBuildFile; fileRef = 9F5B90A52224663100D12845 /* NotificationController.swift */; };
		9F5B90A82224663100D12845 /* ComplicationController.swift in Sources */ = {isa = PBXBuildFile; fileRef = 9F5B90A72224663100D12845 /* ComplicationController.swift */; };
		9F5B90AA2224663200D12845 /* Assets.xcassets in Resources */ = {isa = PBXBuildFile; fileRef = 9F5B90A92224663200D12845 /* Assets.xcassets */; };
/* End PBXBuildFile section */

/* Begin PBXContainerItemProxy section */
		9F5B908F2224663000D12845 /* PBXContainerItemProxy */ = {
			isa = PBXContainerItemProxy;
			containerPortal = 9F5B90732224662E00D12845 /* Project object */;
			proxyType = 1;
			remoteGlobalIDString = 9F5B908C2224663000D12845;
			remoteInfo = "Battery Life WatchKit App";
		};
		9F5B909E2224663100D12845 /* PBXContainerItemProxy */ = {
			isa = PBXContainerItemProxy;
			containerPortal = 9F5B90732224662E00D12845 /* Project object */;
			proxyType = 1;
			remoteGlobalIDString = 9F5B909B2224663100D12845;
			remoteInfo = "Battery Life WatchKit Extension";
		};
/* End PBXContainerItemProxy section */

/* Begin PBXCopyFilesBuildPhase section */
		9F5B90B22224663200D12845 /* Embed App Extensions */ = {
			isa = PBXCopyFilesBuildPhase;
			buildActionMask = 2147483647;
			dstPath = "";
			dstSubfolderSpec = 13;
			files = (
				9F5B909D2224663100D12845 /* Battery Life WatchKit Extension.appex in Embed App Extensions */,
			);
			name = "Embed App Extensions";
			runOnlyForDeploymentPostprocessing = 0;
		};
		9F5B90B62224663200D12845 /* Embed Watch Content */ = {
			isa = PBXCopyFilesBuildPhase;
			buildActionMask = 2147483647;
			dstPath = "$(CONTENTS_FOLDER_PATH)/Watch";
			dstSubfolderSpec = 16;
			files = (
				9F5B908E2224663000D12845 /* Battery Life WatchKit App.app in Embed Watch Content */,
			);
			name = "Embed Watch Content";
			runOnlyForDeploymentPostprocessing = 0;
		};
/* End PBXCopyFilesBuildPhase section */

/* Begin PBXFileReference section */
		9F5B907B2224662F00D12845 /* Battery Life.app */ = {isa = PBXFileReference; explicitFileType = wrapper.application; includeInIndex = 0; path = "Battery Life.app"; sourceTree = BUILT_PRODUCTS_DIR; };
		9F5B907E2224662F00D12845 /* AppDelegate.swift */ = {isa = PBXFileReference; lastKnownFileType = sourcecode.swift; path = AppDelegate.swift; sourceTree = "<group>"; };
		9F5B90802224662F00D12845 /* ViewController.swift */ = {isa = PBXFileReference; lastKnownFileType = sourcecode.swift; path = ViewController.swift; sourceTree = "<group>"; };
		9F5B90832224662F00D12845 /* Base */ = {isa = PBXFileReference; lastKnownFileType = file.storyboard; name = Base; path = Base.lproj/Main.storyboard; sourceTree = "<group>"; };
		9F5B90852224663000D12845 /* Assets.xcassets */ = {isa = PBXFileReference; lastKnownFileType = folder.assetcatalog; path = Assets.xcassets; sourceTree = "<group>"; };
		9F5B90882224663000D12845 /* Base */ = {isa = PBXFileReference; lastKnownFileType = file.storyboard; name = Base; path = Base.lproj/LaunchScreen.storyboard; sourceTree = "<group>"; };
		9F5B908A2224663000D12845 /* Info.plist */ = {isa = PBXFileReference; lastKnownFileType = text.plist.xml; path = Info.plist; sourceTree = "<group>"; };
		9F5B908D2224663000D12845 /* Battery Life WatchKit App.app */ = {isa = PBXFileReference; explicitFileType = wrapper.application; includeInIndex = 0; path = "Battery Life WatchKit App.app"; sourceTree = BUILT_PRODUCTS_DIR; };
		9F5B90932224663000D12845 /* Base */ = {isa = PBXFileReference; lastKnownFileType = file.storyboard; name = Base; path = Base.lproj/Interface.storyboard; sourceTree = "<group>"; };
		9F5B90952224663100D12845 /* Assets.xcassets */ = {isa = PBXFileReference; lastKnownFileType = folder.assetcatalog; path = Assets.xcassets; sourceTree = "<group>"; };
		9F5B90972224663100D12845 /* Info.plist */ = {isa = PBXFileReference; lastKnownFileType = text.plist.xml; path = Info.plist; sourceTree = "<group>"; };
		9F5B909C2224663100D12845 /* Battery Life WatchKit Extension.appex */ = {isa = PBXFileReference; explicitFileType = "wrapper.app-extension"; includeInIndex = 0; path = "Battery Life WatchKit Extension.appex"; sourceTree = BUILT_PRODUCTS_DIR; };
		9F5B90A12224663100D12845 /* InterfaceController.swift */ = {isa = PBXFileReference; lastKnownFileType = sourcecode.swift; path = InterfaceController.swift; sourceTree = "<group>"; };
		9F5B90A32224663100D12845 /* ExtensionDelegate.swift */ = {isa = PBXFileReference; lastKnownFileType = sourcecode.swift; path = ExtensionDelegate.swift; sourceTree = "<group>"; };
		9F5B90A52224663100D12845 /* NotificationController.swift */ = {isa = PBXFileReference; lastKnownFileType = sourcecode.swift; path = NotificationController.swift; sourceTree = "<group>"; };
		9F5B90A72224663100D12845 /* ComplicationController.swift */ = {isa = PBXFileReference; lastKnownFileType = sourcecode.swift; path = ComplicationController.swift; sourceTree = "<group>"; };
		9F5B90A92224663200D12845 /* Assets.xcassets */ = {isa = PBXFileReference; lastKnownFileType = folder.assetcatalog; path = Assets.xcassets; sourceTree = "<group>"; };
		9F5B90AB2224663200D12845 /* Info.plist */ = {isa = PBXFileReference; lastKnownFileType = text.plist.xml; path = Info.plist; sourceTree = "<group>"; };
		9F5B90AC2224663200D12845 /* PushNotificationPayload.apns */ = {isa = PBXFileReference; lastKnownFileType = text; path = PushNotificationPayload.apns; sourceTree = "<group>"; };
/* End PBXFileReference section */

/* Begin PBXFrameworksBuildPhase section */
		9F5B90782224662E00D12845 /* Frameworks */ = {
			isa = PBXFrameworksBuildPhase;
			buildActionMask = 2147483647;
			files = (
			);
			runOnlyForDeploymentPostprocessing = 0;
		};
		9F5B90992224663100D12845 /* Frameworks */ = {
			isa = PBXFrameworksBuildPhase;
			buildActionMask = 2147483647;
			files = (
			);
			runOnlyForDeploymentPostprocessing = 0;
		};
/* End PBXFrameworksBuildPhase section */

/* Begin PBXGroup section */
		9F5B90722224662E00D12845 = {
			isa = PBXGroup;
			children = (
				9F5B907D2224662F00D12845 /* Battery Life */,
				9F5B90912224663000D12845 /* Battery Life WatchKit App */,
				9F5B90A02224663100D12845 /* Battery Life WatchKit Extension */,
				9F5B907C2224662F00D12845 /* Products */,
			);
			sourceTree = "<group>";
		};
		9F5B907C2224662F00D12845 /* Products */ = {
			isa = PBXGroup;
			children = (
				9F5B907B2224662F00D12845 /* Battery Life.app */,
				9F5B908D2224663000D12845 /* Battery Life WatchKit App.app */,
				9F5B909C2224663100D12845 /* Battery Life WatchKit Extension.appex */,
			);
			name = Products;
			sourceTree = "<group>";
		};
		9F5B907D2224662F00D12845 /* Battery Life */ = {
			isa = PBXGroup;
			children = (
				9F5B907E2224662F00D12845 /* AppDelegate.swift */,
				9F5B90BA222497D300D12845 /* Controller */,
				9F5B90BB222497ED00D12845 /* View */,
				9F5B90852224663000D12845 /* Assets.xcassets */,
				9F5B908A2224663000D12845 /* Info.plist */,
			);
			path = "Battery Life";
			sourceTree = "<group>";
		};
		9F5B90912224663000D12845 /* Battery Life WatchKit App */ = {
			isa = PBXGroup;
			children = (
				9F5B90922224663000D12845 /* Interface.storyboard */,
				9F5B90952224663100D12845 /* Assets.xcassets */,
				9F5B90972224663100D12845 /* Info.plist */,
			);
			path = "Battery Life WatchKit App";
			sourceTree = "<group>";
		};
		9F5B90A02224663100D12845 /* Battery Life WatchKit Extension */ = {
			isa = PBXGroup;
			children = (
				9F5B90A32224663100D12845 /* ExtensionDelegate.swift */,
				9F5B90BC2224983200D12845 /* Controller */,
				9F5B90A92224663200D12845 /* Assets.xcassets */,
				9F5B90AB2224663200D12845 /* Info.plist */,
				9F5B90AC2224663200D12845 /* PushNotificationPayload.apns */,
			);
			path = "Battery Life WatchKit Extension";
			sourceTree = "<group>";
		};
		9F5B90BA222497D300D12845 /* Controller */ = {
			isa = PBXGroup;
			children = (
				9F5B90802224662F00D12845 /* ViewController.swift */,
			);
			path = Controller;
			sourceTree = "<group>";
		};
		9F5B90BB222497ED00D12845 /* View */ = {
			isa = PBXGroup;
			children = (
				9F5B90822224662F00D12845 /* Main.storyboard */,
				9F5B90872224663000D12845 /* LaunchScreen.storyboard */,
			);
			path = View;
			sourceTree = "<group>";
		};
		9F5B90BC2224983200D12845 /* Controller */ = {
			isa = PBXGroup;
			children = (
				9F5B90A12224663100D12845 /* InterfaceController.swift */,
				9F5B90A52224663100D12845 /* NotificationController.swift */,
				9F5B90A72224663100D12845 /* ComplicationController.swift */,
			);
			path = Controller;
			sourceTree = "<group>";
		};
/* End PBXGroup section */

/* Begin PBXNativeTarget section */
		9F5B907A2224662E00D12845 /* Battery Life */ = {
			isa = PBXNativeTarget;
			buildConfigurationList = 9F5B90B72224663200D12845 /* Build configuration list for PBXNativeTarget "Battery Life" */;
			buildPhases = (
				9F5B90772224662E00D12845 /* Sources */,
				9F5B90782224662E00D12845 /* Frameworks */,
				9F5B90792224662E00D12845 /* Resources */,
				9F5B90B62224663200D12845 /* Embed Watch Content */,
			);
			buildRules = (
			);
			dependencies = (
				9F5B90902224663000D12845 /* PBXTargetDependency */,
			);
			name = "Battery Life";
			productName = "Battery Life";
			productReference = 9F5B907B2224662F00D12845 /* Battery Life.app */;
			productType = "com.apple.product-type.application";
		};
		9F5B908C2224663000D12845 /* Battery Life WatchKit App */ = {
			isa = PBXNativeTarget;
			buildConfigurationList = 9F5B90B32224663200D12845 /* Build configuration list for PBXNativeTarget "Battery Life WatchKit App" */;
			buildPhases = (
				9F5B908B2224663000D12845 /* Resources */,
				9F5B90B22224663200D12845 /* Embed App Extensions */,
			);
			buildRules = (
			);
			dependencies = (
				9F5B909F2224663100D12845 /* PBXTargetDependency */,
			);
			name = "Battery Life WatchKit App";
			productName = "Battery Life WatchKit App";
			productReference = 9F5B908D2224663000D12845 /* Battery Life WatchKit App.app */;
			productType = "com.apple.product-type.application.watchapp2";
		};
		9F5B909B2224663100D12845 /* Battery Life WatchKit Extension */ = {
			isa = PBXNativeTarget;
			buildConfigurationList = 9F5B90AF2224663200D12845 /* Build configuration list for PBXNativeTarget "Battery Life WatchKit Extension" */;
			buildPhases = (
				9F5B90982224663100D12845 /* Sources */,
				9F5B90992224663100D12845 /* Frameworks */,
				9F5B909A2224663100D12845 /* Resources */,
			);
			buildRules = (
			);
			dependencies = (
			);
			name = "Battery Life WatchKit Extension";
			productName = "Battery Life WatchKit Extension";
			productReference = 9F5B909C2224663100D12845 /* Battery Life WatchKit Extension.appex */;
			productType = "com.apple.product-type.watchkit2-extension";
		};
/* End PBXNativeTarget section */

/* Begin PBXProject section */
		9F5B90732224662E00D12845 /* Project object */ = {
			isa = PBXProject;
			attributes = {
				LastSwiftUpdateCheck = 1010;
				LastUpgradeCheck = 1010;
				ORGANIZATIONNAME = "Thomas Prezioso";
				TargetAttributes = {
					9F5B907A2224662E00D12845 = {
						CreatedOnToolsVersion = 10.1;
					};
					9F5B908C2224663000D12845 = {
						CreatedOnToolsVersion = 10.1;
					};
					9F5B909B2224663100D12845 = {
						CreatedOnToolsVersion = 10.1;
					};
				};
			};
			buildConfigurationList = 9F5B90762224662E00D12845 /* Build configuration list for PBXProject "Battery Life" */;
			compatibilityVersion = "Xcode 9.3";
			developmentRegion = en;
			hasScannedForEncodings = 0;
			knownRegions = (
				en,
				Base,
			);
			mainGroup = 9F5B90722224662E00D12845;
			productRefGroup = 9F5B907C2224662F00D12845 /* Products */;
			projectDirPath = "";
			projectRoot = "";
			targets = (
				9F5B907A2224662E00D12845 /* Battery Life */,
				9F5B908C2224663000D12845 /* Battery Life WatchKit App */,
				9F5B909B2224663100D12845 /* Battery Life WatchKit Extension */,
			);
		};
/* End PBXProject section */

/* Begin PBXResourcesBuildPhase section */
		9F5B90792224662E00D12845 /* Resources */ = {
			isa = PBXResourcesBuildPhase;
			buildActionMask = 2147483647;
			files = (
				9F5B90892224663000D12845 /* LaunchScreen.storyboard in Resources */,
				9F5B90862224663000D12845 /* Assets.xcassets in Resources */,
				9F5B90842224662F00D12845 /* Main.storyboard in Resources */,
			);
			runOnlyForDeploymentPostprocessing = 0;
		};
		9F5B908B2224663000D12845 /* Resources */ = {
			isa = PBXResourcesBuildPhase;
			buildActionMask = 2147483647;
			files = (
				9F5B90962224663100D12845 /* Assets.xcassets in Resources */,
				9F5B90942224663000D12845 /* Interface.storyboard in Resources */,
			);
			runOnlyForDeploymentPostprocessing = 0;
		};
		9F5B909A2224663100D12845 /* Resources */ = {
			isa = PBXResourcesBuildPhase;
			buildActionMask = 2147483647;
			files = (
				9F5B90AA2224663200D12845 /* Assets.xcassets in Resources */,
			);
			runOnlyForDeploymentPostprocessing = 0;
		};
/* End PBXResourcesBuildPhase section */

/* Begin PBXSourcesBuildPhase section */
		9F5B90772224662E00D12845 /* Sources */ = {
			isa = PBXSourcesBuildPhase;
			buildActionMask = 2147483647;
			files = (
				9F5B90812224662F00D12845 /* ViewController.swift in Sources */,
				9F5B907F2224662F00D12845 /* AppDelegate.swift in Sources */,
			);
			runOnlyForDeploymentPostprocessing = 0;
		};
		9F5B90982224663100D12845 /* Sources */ = {
			isa = PBXSourcesBuildPhase;
			buildActionMask = 2147483647;
			files = (
				9F5B90A62224663100D12845 /* NotificationController.swift in Sources */,
				9F5B90A82224663100D12845 /* ComplicationController.swift in Sources */,
				9F5B90A42224663100D12845 /* ExtensionDelegate.swift in Sources */,
				9F5B90A22224663100D12845 /* InterfaceController.swift in Sources */,
			);
			runOnlyForDeploymentPostprocessing = 0;
		};
/* End PBXSourcesBuildPhase section */

/* Begin PBXTargetDependency section */
		9F5B90902224663000D12845 /* PBXTargetDependency */ = {
			isa = PBXTargetDependency;
			target = 9F5B908C2224663000D12845 /* Battery Life WatchKit App */;
			targetProxy = 9F5B908F2224663000D12845 /* PBXContainerItemProxy */;
		};
		9F5B909F2224663100D12845 /* PBXTargetDependency */ = {
			isa = PBXTargetDependency;
			target = 9F5B909B2224663100D12845 /* Battery Life WatchKit Extension */;
			targetProxy = 9F5B909E2224663100D12845 /* PBXContainerItemProxy */;
		};
/* End PBXTargetDependency section */

/* Begin PBXVariantGroup section */
		9F5B90822224662F00D12845 /* Main.storyboard */ = {
			isa = PBXVariantGroup;
			children = (
				9F5B90832224662F00D12845 /* Base */,
			);
			name = Main.storyboard;
			sourceTree = "<group>";
		};
		9F5B90872224663000D12845 /* LaunchScreen.storyboard */ = {
			isa = PBXVariantGroup;
			children = (
				9F5B90882224663000D12845 /* Base */,
			);
			name = LaunchScreen.storyboard;
			sourceTree = "<group>";
		};
		9F5B90922224663000D12845 /* Interface.storyboard */ = {
			isa = PBXVariantGroup;
			children = (
				9F5B90932224663000D12845 /* Base */,
			);
			name = Interface.storyboard;
			sourceTree = "<group>";
		};
/* End PBXVariantGroup section */

/* Begin XCBuildConfiguration section */
		9F5B90AD2224663200D12845 /* Debug */ = {
			isa = XCBuildConfiguration;
			buildSettings = {
				ALWAYS_SEARCH_USER_PATHS = NO;
				CLANG_ANALYZER_NONNULL = YES;
				CLANG_ANALYZER_NUMBER_OBJECT_CONVERSION = YES_AGGRESSIVE;
				CLANG_CXX_LANGUAGE_STANDARD = "gnu++14";
				CLANG_CXX_LIBRARY = "libc++";
				CLANG_ENABLE_MODULES = YES;
				CLANG_ENABLE_OBJC_ARC = YES;
				CLANG_ENABLE_OBJC_WEAK = YES;
				CLANG_WARN_BLOCK_CAPTURE_AUTORELEASING = YES;
				CLANG_WARN_BOOL_CONVERSION = YES;
				CLANG_WARN_COMMA = YES;
				CLANG_WARN_CONSTANT_CONVERSION = YES;
				CLANG_WARN_DEPRECATED_OBJC_IMPLEMENTATIONS = YES;
				CLANG_WARN_DIRECT_OBJC_ISA_USAGE = YES_ERROR;
				CLANG_WARN_DOCUMENTATION_COMMENTS = YES;
				CLANG_WARN_EMPTY_BODY = YES;
				CLANG_WARN_ENUM_CONVERSION = YES;
				CLANG_WARN_INFINITE_RECURSION = YES;
				CLANG_WARN_INT_CONVERSION = YES;
				CLANG_WARN_NON_LITERAL_NULL_CONVERSION = YES;
				CLANG_WARN_OBJC_IMPLICIT_RETAIN_SELF = YES;
				CLANG_WARN_OBJC_LITERAL_CONVERSION = YES;
				CLANG_WARN_OBJC_ROOT_CLASS = YES_ERROR;
				CLANG_WARN_RANGE_LOOP_ANALYSIS = YES;
				CLANG_WARN_STRICT_PROTOTYPES = YES;
				CLANG_WARN_SUSPICIOUS_MOVE = YES;
				CLANG_WARN_UNGUARDED_AVAILABILITY = YES_AGGRESSIVE;
				CLANG_WARN_UNREACHABLE_CODE = YES;
				CLANG_WARN__DUPLICATE_METHOD_MATCH = YES;
				CODE_SIGN_IDENTITY = "iPhone Developer";
				COPY_PHASE_STRIP = NO;
				DEBUG_INFORMATION_FORMAT = dwarf;
				ENABLE_STRICT_OBJC_MSGSEND = YES;
				ENABLE_TESTABILITY = YES;
				GCC_C_LANGUAGE_STANDARD = gnu11;
				GCC_DYNAMIC_NO_PIC = NO;
				GCC_NO_COMMON_BLOCKS = YES;
				GCC_OPTIMIZATION_LEVEL = 0;
				GCC_PREPROCESSOR_DEFINITIONS = (
					"DEBUG=1",
					"$(inherited)",
				);
				GCC_WARN_64_TO_32_BIT_CONVERSION = YES;
				GCC_WARN_ABOUT_RETURN_TYPE = YES_ERROR;
				GCC_WARN_UNDECLARED_SELECTOR = YES;
				GCC_WARN_UNINITIALIZED_AUTOS = YES_AGGRESSIVE;
				GCC_WARN_UNUSED_FUNCTION = YES;
				GCC_WARN_UNUSED_VARIABLE = YES;
				IPHONEOS_DEPLOYMENT_TARGET = 12.1;
				MTL_ENABLE_DEBUG_INFO = INCLUDE_SOURCE;
				MTL_FAST_MATH = YES;
				ONLY_ACTIVE_ARCH = YES;
				SDKROOT = iphoneos;
				SWIFT_ACTIVE_COMPILATION_CONDITIONS = DEBUG;
				SWIFT_OPTIMIZATION_LEVEL = "-Onone";
			};
			name = Debug;
		};
		9F5B90AE2224663200D12845 /* Release */ = {
			isa = XCBuildConfiguration;
			buildSettings = {
				ALWAYS_SEARCH_USER_PATHS = NO;
				CLANG_ANALYZER_NONNULL = YES;
				CLANG_ANALYZER_NUMBER_OBJECT_CONVERSION = YES_AGGRESSIVE;
				CLANG_CXX_LANGUAGE_STANDARD = "gnu++14";
				CLANG_CXX_LIBRARY = "libc++";
				CLANG_ENABLE_MODULES = YES;
				CLANG_ENABLE_OBJC_ARC = YES;
				CLANG_ENABLE_OBJC_WEAK = YES;
				CLANG_WARN_BLOCK_CAPTURE_AUTORELEASING = YES;
				CLANG_WARN_BOOL_CONVERSION = YES;
				CLANG_WARN_COMMA = YES;
				CLANG_WARN_CONSTANT_CONVERSION = YES;
				CLANG_WARN_DEPRECATED_OBJC_IMPLEMENTATIONS = YES;
				CLANG_WARN_DIRECT_OBJC_ISA_USAGE = YES_ERROR;
				CLANG_WARN_DOCUMENTATION_COMMENTS = YES;
				CLANG_WARN_EMPTY_BODY = YES;
				CLANG_WARN_ENUM_CONVERSION = YES;
				CLANG_WARN_INFINITE_RECURSION = YES;
				CLANG_WARN_INT_CONVERSION = YES;
				CLANG_WARN_NON_LITERAL_NULL_CONVERSION = YES;
				CLANG_WARN_OBJC_IMPLICIT_RETAIN_SELF = YES;
				CLANG_WARN_OBJC_LITERAL_CONVERSION = YES;
				CLANG_WARN_OBJC_ROOT_CLASS = YES_ERROR;
				CLANG_WARN_RANGE_LOOP_ANALYSIS = YES;
				CLANG_WARN_STRICT_PROTOTYPES = YES;
				CLANG_WARN_SUSPICIOUS_MOVE = YES;
				CLANG_WARN_UNGUARDED_AVAILABILITY = YES_AGGRESSIVE;
				CLANG_WARN_UNREACHABLE_CODE = YES;
				CLANG_WARN__DUPLICATE_METHOD_MATCH = YES;
				CODE_SIGN_IDENTITY = "iPhone Developer";
				COPY_PHASE_STRIP = NO;
				DEBUG_INFORMATION_FORMAT = "dwarf-with-dsym";
				ENABLE_NS_ASSERTIONS = NO;
				ENABLE_STRICT_OBJC_MSGSEND = YES;
				GCC_C_LANGUAGE_STANDARD = gnu11;
				GCC_NO_COMMON_BLOCKS = YES;
				GCC_WARN_64_TO_32_BIT_CONVERSION = YES;
				GCC_WARN_ABOUT_RETURN_TYPE = YES_ERROR;
				GCC_WARN_UNDECLARED_SELECTOR = YES;
				GCC_WARN_UNINITIALIZED_AUTOS = YES_AGGRESSIVE;
				GCC_WARN_UNUSED_FUNCTION = YES;
				GCC_WARN_UNUSED_VARIABLE = YES;
				IPHONEOS_DEPLOYMENT_TARGET = 12.1;
				MTL_ENABLE_DEBUG_INFO = NO;
				MTL_FAST_MATH = YES;
				SDKROOT = iphoneos;
				SWIFT_COMPILATION_MODE = wholemodule;
				SWIFT_OPTIMIZATION_LEVEL = "-O";
				VALIDATE_PRODUCT = YES;
			};
			name = Release;
		};
		9F5B90B02224663200D12845 /* Debug */ = {
			isa = XCBuildConfiguration;
			buildSettings = {
				ASSETCATALOG_COMPILER_COMPLICATION_NAME = Complication;
				CODE_SIGN_STYLE = Automatic;
				DEVELOPMENT_TEAM = 6JBM5ZNF6C;
				INFOPLIST_FILE = "Battery Life WatchKit Extension/Info.plist";
				LD_RUNPATH_SEARCH_PATHS = (
					"$(inherited)",
					"@executable_path/Frameworks",
					"@executable_path/../../Frameworks",
				);
				PRODUCT_BUNDLE_IDENTIFIER = "io.tom.Battery-Life.watchkitapp.watchkitextension";
				PRODUCT_NAME = "${TARGET_NAME}";
				SDKROOT = watchos;
				SKIP_INSTALL = YES;
				SWIFT_VERSION = 4.2;
				TARGETED_DEVICE_FAMILY = 4;
				WATCHOS_DEPLOYMENT_TARGET = 5.1;
			};
			name = Debug;
		};
		9F5B90B12224663200D12845 /* Release */ = {
			isa = XCBuildConfiguration;
			buildSettings = {
				ASSETCATALOG_COMPILER_COMPLICATION_NAME = Complication;
				CODE_SIGN_STYLE = Automatic;
				DEVELOPMENT_TEAM = 6JBM5ZNF6C;
				INFOPLIST_FILE = "Battery Life WatchKit Extension/Info.plist";
				LD_RUNPATH_SEARCH_PATHS = (
					"$(inherited)",
					"@executable_path/Frameworks",
					"@executable_path/../../Frameworks",
				);
				PRODUCT_BUNDLE_IDENTIFIER = "io.tom.Battery-Life.watchkitapp.watchkitextension";
				PRODUCT_NAME = "${TARGET_NAME}";
				SDKROOT = watchos;
				SKIP_INSTALL = YES;
				SWIFT_VERSION = 4.2;
				TARGETED_DEVICE_FAMILY = 4;
				WATCHOS_DEPLOYMENT_TARGET = 5.1;
			};
			name = Release;
		};
		9F5B90B42224663200D12845 /* Debug */ = {
			isa = XCBuildConfiguration;
			buildSettings = {
				ALWAYS_EMBED_SWIFT_STANDARD_LIBRARIES = YES;
				ASSETCATALOG_COMPILER_APPICON_NAME = AppIcon;
				CODE_SIGN_STYLE = Automatic;
				DEVELOPMENT_TEAM = 6JBM5ZNF6C;
				IBSC_MODULE = Battery_Life_WatchKit_Extension;
				INFOPLIST_FILE = "Battery Life WatchKit App/Info.plist";
				PRODUCT_BUNDLE_IDENTIFIER = "io.tom.Battery-Life.watchkitapp";
				PRODUCT_NAME = "$(TARGET_NAME)";
				SDKROOT = watchos;
				SKIP_INSTALL = YES;
				SWIFT_VERSION = 4.2;
				TARGETED_DEVICE_FAMILY = 4;
				WATCHOS_DEPLOYMENT_TARGET = 5.1;
			};
			name = Debug;
		};
		9F5B90B52224663200D12845 /* Release */ = {
			isa = XCBuildConfiguration;
			buildSettings = {
				ALWAYS_EMBED_SWIFT_STANDARD_LIBRARIES = YES;
				ASSETCATALOG_COMPILER_APPICON_NAME = AppIcon;
				CODE_SIGN_STYLE = Automatic;
				DEVELOPMENT_TEAM = 6JBM5ZNF6C;
				IBSC_MODULE = Battery_Life_WatchKit_Extension;
				INFOPLIST_FILE = "Battery Life WatchKit App/Info.plist";
				PRODUCT_BUNDLE_IDENTIFIER = "io.tom.Battery-Life.watchkitapp";
				PRODUCT_NAME = "$(TARGET_NAME)";
				SDKROOT = watchos;
				SKIP_INSTALL = YES;
				SWIFT_VERSION = 4.2;
				TARGETED_DEVICE_FAMILY = 4;
				WATCHOS_DEPLOYMENT_TARGET = 5.1;
			};
			name = Release;
		};
		9F5B90B82224663200D12845 /* Debug */ = {
			isa = XCBuildConfiguration;
			buildSettings = {
				ASSETCATALOG_COMPILER_APPICON_NAME = AppIcon;
				CODE_SIGN_STYLE = Automatic;
				DEVELOPMENT_TEAM = 6JBM5ZNF6C;
				INFOPLIST_FILE = "Battery Life/Info.plist";
				LD_RUNPATH_SEARCH_PATHS = (
					"$(inherited)",
					"@executable_path/Frameworks",
				);
				PRODUCT_BUNDLE_IDENTIFIER = "io.tom.Battery-Life";
				PRODUCT_NAME = "$(TARGET_NAME)";
				SWIFT_VERSION = 4.2;
				TARGETED_DEVICE_FAMILY = "1,2";
			};
			name = Debug;
		};
		9F5B90B92224663200D12845 /* Release */ = {
			isa = XCBuildConfiguration;
			buildSettings = {
				ASSETCATALOG_COMPILER_APPICON_NAME = AppIcon;
				CODE_SIGN_STYLE = Automatic;
				DEVELOPMENT_TEAM = 6JBM5ZNF6C;
				INFOPLIST_FILE = "Battery Life/Info.plist";
				LD_RUNPATH_SEARCH_PATHS = (
					"$(inherited)",
					"@executable_path/Frameworks",
				);
				PRODUCT_BUNDLE_IDENTIFIER = "io.tom.Battery-Life";
				PRODUCT_NAME = "$(TARGET_NAME)";
				SWIFT_VERSION = 4.2;
				TARGETED_DEVICE_FAMILY = "1,2";
			};
			name = Release;
		};
/* End XCBuildConfiguration section */

/* Begin XCConfigurationList section */
		9F5B90762224662E00D12845 /* Build configuration list for PBXProject "Battery Life" */ = {
			isa = XCConfigurationList;
			buildConfigurations = (
				9F5B90AD2224663200D12845 /* Debug */,
				9F5B90AE2224663200D12845 /* Release */,
			);
			defaultConfigurationIsVisible = 0;
			defaultConfigurationName = Release;
		};
		9F5B90AF2224663200D12845 /* Build configuration list for PBXNativeTarget "Battery Life WatchKit Extension" */ = {
			isa = XCConfigurationList;
			buildConfigurations = (
				9F5B90B02224663200D12845 /* Debug */,
				9F5B90B12224663200D12845 /* Release */,
			);
			defaultConfigurationIsVisible = 0;
			defaultConfigurationName = Release;
		};
		9F5B90B32224663200D12845 /* Build configuration list for PBXNativeTarget "Battery Life WatchKit App" */ = {
			isa = XCConfigurationList;
			buildConfigurations = (
				9F5B90B42224663200D12845 /* Debug */,
				9F5B90B52224663200D12845 /* Release */,
			);
			defaultConfigurationIsVisible = 0;
			defaultConfigurationName = Release;
		};
		9F5B90B72224663200D12845 /* Build configuration list for PBXNativeTarget "Battery Life" */ = {
			isa = XCConfigurationList;
			buildConfigurations = (
				9F5B90B82224663200D12845 /* Debug */,
				9F5B90B92224663200D12845 /* Release */,
			);
			defaultConfigurationIsVisible = 0;
			defaultConfigurationName = Release;
		};
/* End XCConfigurationList section */
	};
	rootObject = 9F5B90732224662E00D12845 /* Project object */;
}
